
Microsoft Visual Studio Solution File, Format Version 12.00
# Visual Studio Version 17
VisualStudioVersion = 17.9.34607.119
MinimumVisualStudioVersion = 10.0.40219.1
Project("{FAE04EC0-301F-11D3-BF4B-00C04F79EFBC}") = "JobPortal", "JobPortal.csproj", "{38B07E0E-3DFC-4004-8E88-42979AAC6258}"
EndProject
Global
	GlobalSection(SolutionConfigurationPlatforms) = preSolution
		Debug|Any CPU = Debug|Any CPU
		Release|Any CPU = Release|Any CPU
	EndGlobalSection
	GlobalSection(ProjectConfigurationPlatforms) = postSolution
		{38B07E0E-3DFC-4004-8E88-42979AAC6258}.Debug|Any CPU.ActiveCfg = Debug|Any CPU
		{38B07E0E-3DFC-4004-8E88-42979AAC6258}.Debug|Any CPU.Build.0 = Debug|Any CPU
		{38B07E0E-3DFC-4004-8E88-42979AAC6258}.Release|Any CPU.ActiveCfg = Release|Any CPU
		{38B07E0E-3DFC-4004-8E88-42979AAC6258}.Release|Any CPU.Build.0 = Release|Any CPU
	EndGlobalSection
	GlobalSection(SolutionProperties) = preSolution
		HideSolutionNode = FALSE
	EndGlobalSection
	GlobalSection(ExtensibilityGlobals) = postSolution
		SolutionGuid = {181011C4-2C91-4160-B231-4AF81B4D5126}
	EndGlobalSection
EndGlobal
